{
  "name": "sale-notifier",
  "version": "1.0.0",
  "lockfileVersion": 1,
  "requires": true,
  "dependencies": {
    "@aws-cdk/assets": {
      "version": "1.106.1",
      "resolved": "https://registry.npmjs.org/@aws-cdk/assets/-/assets-1.106.1.tgz",
      "integrity": "sha512-ZA0/bklj0Nen+7YWU0iDtPeXjObbhPsUfcc2QEPjZjQVlQ99DyOdHIZUs/BY+06U9J1OQYEH1KMB6QfydUxk/w==",
      "requires": {
        "@aws-cdk/core": "1.106.1",
        "@aws-cdk/cx-api": "1.106.1",
        "constructs": "^3.3.69"
      }
    },
    "@aws-cdk/aws-apigateway": {
      "version": "1.106.1",
      "resolved": "https://registry.npmjs.org/@aws-cdk/aws-apigateway/-/aws-apigateway-1.106.1.tgz",
      "integrity": "sha512-L4cmPhkKqIkeIhdlSxZK6VZNq8E6YU51JSobdI13uOVj4of/30nG4EaibLDHDNFxAH9xpmr7N01wFROo9iNckA==",
      "requires": {
        "@aws-cdk/aws-certificatemanager": "1.106.1",
        "@aws-cdk/aws-cloudwatch": "1.106.1",
        "@aws-cdk/aws-cognito": "1.106.1",
        "@aws-cdk/aws-ec2": "1.106.1",
        "@aws-cdk/aws-elasticloadbalancingv2": "1.106.1",
        "@aws-cdk/aws-iam": "1.106.1",
        "@aws-cdk/aws-lambda": "1.106.1",
        "@aws-cdk/aws-logs": "1.106.1",
        "@aws-cdk/aws-s3": "1.106.1",
        "@aws-cdk/aws-s3-assets": "1.106.1",
        "@aws-cdk/core": "1.106.1",
        "@aws-cdk/cx-api": "1.106.1",
        "constructs": "^3.3.69"
      }
    },
    "@aws-cdk/aws-applicationautoscaling": {
      "version": "1.106.1",
      "resolved": "https://registry.npmjs.org/@aws-cdk/aws-applicationautoscaling/-/aws-applicationautoscaling-1.106.1.tgz",
      "integrity": "sha512-XqgknjzYL33m+iZP5VLEBFEX6C7aN0uL9kT08fmmo9vYT1A4og69vvfekUc3g+0nS1prDe5RYGhh9SkqXN6w/g==",
      "requires": {
        "@aws-cdk/aws-autoscaling-common": "1.106.1",
        "@aws-cdk/aws-cloudwatch": "1.106.1",
        "@aws-cdk/aws-iam": "1.106.1",
        "@aws-cdk/core": "1.106.1",
        "constructs": "^3.3.69"
      }
    },
    "@aws-cdk/aws-autoscaling": {
      "version": "1.106.1",
      "resolved": "https://registry.npmjs.org/@aws-cdk/aws-autoscaling/-/aws-autoscaling-1.106.1.tgz",
      "integrity": "sha512-wweHuDtAffZLMhDsjvWWuR8vahLS1wPP309SZRUyTaVPuVPl9Nr8A5vFLoXpJNrqK/J/XIocrgU7SEdM2j/+vw==",
      "requires": {
        "@aws-cdk/aws-autoscaling-common": "1.106.1",
        "@aws-cdk/aws-cloudwatch": "1.106.1",
        "@aws-cdk/aws-ec2": "1.106.1",
        "@aws-cdk/aws-elasticloadbalancing": "1.106.1",
        "@aws-cdk/aws-elasticloadbalancingv2": "1.106.1",
        "@aws-cdk/aws-iam": "1.106.1",
        "@aws-cdk/aws-sns": "1.106.1",
        "@aws-cdk/core": "1.106.1",
        "constructs": "^3.3.69"
      }
    },
    "@aws-cdk/aws-autoscaling-common": {
      "version": "1.106.1",
      "resolved": "https://registry.npmjs.org/@aws-cdk/aws-autoscaling-common/-/aws-autoscaling-common-1.106.1.tgz",
      "integrity": "sha512-Al5TRY4XQHnddAydTTQbrru2FoA1JOXnSyOvQcojFfbFPg5tzi/+qgOGHAEzo+uLf0ZWK29p6Vc4ow761klZHg==",
      "requires": {
        "@aws-cdk/aws-iam": "1.106.1",
        "@aws-cdk/core": "1.106.1",
        "constructs": "^3.3.69"
      }
    },
    "@aws-cdk/aws-autoscaling-hooktargets": {
      "version": "1.106.1",
      "resolved": "https://registry.npmjs.org/@aws-cdk/aws-autoscaling-hooktargets/-/aws-autoscaling-hooktargets-1.106.1.tgz",
      "integrity": "sha512-MvzsbiyZn17BukZc5DXzTbZLvAOpahQLyiDkolDtfb+0zDLTsNf/xTStVrGwAjwVU1fZBjUOphNf3H77AO+YWg==",
      "requires": {
        "@aws-cdk/aws-autoscaling": "1.106.1",
        "@aws-cdk/aws-iam": "1.106.1",
        "@aws-cdk/aws-kms": "1.106.1",
        "@aws-cdk/aws-lambda": "1.106.1",
        "@aws-cdk/aws-sns": "1.106.1",
        "@aws-cdk/aws-sns-subscriptions": "1.106.1",
        "@aws-cdk/aws-sqs": "1.106.1",
        "@aws-cdk/core": "1.106.1",
        "constructs": "^3.3.69"
      }
    },
    "@aws-cdk/aws-certificatemanager": {
      "version": "1.106.1",
      "resolved": "https://registry.npmjs.org/@aws-cdk/aws-certificatemanager/-/aws-certificatemanager-1.106.1.tgz",
      "integrity": "sha512-1HKhdK98qR71ftYG2wIblD3DUNaT9JspSTZHVlTHZzZJczbRl+SgiiVqdnz0JjbUQi1P3bhhZd9Pw2o2w9xaZQ==",
      "requires": {
        "@aws-cdk/aws-iam": "1.106.1",
        "@aws-cdk/aws-lambda": "1.106.1",
        "@aws-cdk/aws-route53": "1.106.1",
        "@aws-cdk/core": "1.106.1",
        "constructs": "^3.3.69"
      }
    },
    "@aws-cdk/aws-cloudformation": {
      "version": "1.106.1",
      "resolved": "https://registry.npmjs.org/@aws-cdk/aws-cloudformation/-/aws-cloudformation-1.106.1.tgz",
      "integrity": "sha512-bL4CK4BTGaiZhaXFgO4wBSIxYUg9wM8sW6q9lw8jR6y+hLgdWsKLE2rYmHWpsj/IpxYWDBxMqvHq5AQzzbR+qQ==",
      "requires": {
        "@aws-cdk/aws-iam": "1.106.1",
        "@aws-cdk/aws-lambda": "1.106.1",
        "@aws-cdk/aws-s3": "1.106.1",
        "@aws-cdk/aws-sns": "1.106.1",
        "@aws-cdk/core": "1.106.1",
        "@aws-cdk/cx-api": "1.106.1",
        "constructs": "^3.3.69"
      }
    },
    "@aws-cdk/aws-cloudfront": {
      "version": "1.106.1",
      "resolved": "https://registry.npmjs.org/@aws-cdk/aws-cloudfront/-/aws-cloudfront-1.106.1.tgz",
      "integrity": "sha512-79afHufCkr+vxvTkPGaeI6jPPF5wjoFGy2Hw0Mz0ctraL8VRW+6b8IOZELiIm17OF1k4a+pxUrRlRAqko+tEGw==",
      "requires": {
        "@aws-cdk/aws-certificatemanager": "1.106.1",
        "@aws-cdk/aws-cloudwatch": "1.106.1",
        "@aws-cdk/aws-ec2": "1.106.1",
        "@aws-cdk/aws-iam": "1.106.1",
        "@aws-cdk/aws-kms": "1.106.1",
        "@aws-cdk/aws-lambda": "1.106.1",
        "@aws-cdk/aws-s3": "1.106.1",
        "@aws-cdk/aws-ssm": "1.106.1",
        "@aws-cdk/core": "1.106.1",
        "constructs": "^3.3.69"
      }
    },
    "@aws-cdk/aws-cloudwatch": {
      "version": "1.106.1",
      "resolved": "https://registry.npmjs.org/@aws-cdk/aws-cloudwatch/-/aws-cloudwatch-1.106.1.tgz",
      "integrity": "sha512-IhFzRdK3MHgNuaDMu0Afbjef1dPJdpvVf+RF+qS1wvWG42z/jP1noC89l+oNModyxtiSZPpooFOQi5u0J9er0g==",
      "requires": {
        "@aws-cdk/aws-iam": "1.106.1",
        "@aws-cdk/core": "1.106.1",
        "constructs": "^3.3.69"
      }
    },
    "@aws-cdk/aws-codebuild": {
      "version": "1.106.1",
      "resolved": "https://registry.npmjs.org/@aws-cdk/aws-codebuild/-/aws-codebuild-1.106.1.tgz",
      "integrity": "sha512-KLkkbgx/0/CaPF/WHcbdcJRw5Ss9V0REEI/yZQYHzuIzRjajh8TalfRnTilaflug9cexuF7ezSFhm3m/Rw84sw==",
      "requires": {
        "@aws-cdk/aws-cloudwatch": "1.106.1",
        "@aws-cdk/aws-codecommit": "1.106.1",
        "@aws-cdk/aws-ec2": "1.106.1",
        "@aws-cdk/aws-ecr": "1.106.1",
        "@aws-cdk/aws-ecr-assets": "1.106.1",
        "@aws-cdk/aws-events": "1.106.1",
        "@aws-cdk/aws-iam": "1.106.1",
        "@aws-cdk/aws-kms": "1.106.1",
        "@aws-cdk/aws-logs": "1.106.1",
        "@aws-cdk/aws-s3": "1.106.1",
        "@aws-cdk/aws-s3-assets": "1.106.1",
        "@aws-cdk/aws-secretsmanager": "1.106.1",
        "@aws-cdk/core": "1.106.1",
        "@aws-cdk/region-info": "1.106.1",
        "constructs": "^3.3.69",
        "yaml": "1.10.2"
      },
      "dependencies": {
        "yaml": {
          "version": "1.10.2",
          "bundled": true
        }
      }
    },
    "@aws-cdk/aws-codecommit": {
      "version": "1.106.1",
      "resolved": "https://registry.npmjs.org/@aws-cdk/aws-codecommit/-/aws-codecommit-1.106.1.tgz",
      "integrity": "sha512-+mW7O7OejGhckIjNbuYO/o6M7WlfSeYKDELe/P11DJJAoZkOb6KGN0cA+A4Dwn3lWkBpx24Qdr4q6evhYfj69w==",
      "requires": {
        "@aws-cdk/aws-events": "1.106.1",
        "@aws-cdk/aws-iam": "1.106.1",
        "@aws-cdk/core": "1.106.1",
        "constructs": "^3.3.69"
      }
    },
    "@aws-cdk/aws-codeguruprofiler": {
      "version": "1.106.1",
      "resolved": "https://registry.npmjs.org/@aws-cdk/aws-codeguruprofiler/-/aws-codeguruprofiler-1.106.1.tgz",
      "integrity": "sha512-ermDayuSXtJNQkxaIq3jx1BvS5lk2uPFtDfHaw79oM+jx0n7qSs25HkufvoLYhcCW1BIUgdo8ahSOv8PvUDuBA==",
      "requires": {
        "@aws-cdk/aws-iam": "1.106.1",
        "@aws-cdk/core": "1.106.1",
        "constructs": "^3.3.69"
      }
    },
    "@aws-cdk/aws-codepipeline": {
      "version": "1.106.1",
      "resolved": "https://registry.npmjs.org/@aws-cdk/aws-codepipeline/-/aws-codepipeline-1.106.1.tgz",
      "integrity": "sha512-8jvUMDLj3ufuUK4RGmHvgsWT0KPEwYYBo/bMXHngoXr5+7gWCT+JyMReAbh55t4LPOyedYnxZOzkLTk2kKFgwg==",
      "requires": {
        "@aws-cdk/aws-events": "1.106.1",
        "@aws-cdk/aws-iam": "1.106.1",
        "@aws-cdk/aws-kms": "1.106.1",
        "@aws-cdk/aws-s3": "1.106.1",
        "@aws-cdk/core": "1.106.1",
        "constructs": "^3.3.69"
      }
    },
    "@aws-cdk/aws-cognito": {
      "version": "1.106.1",
      "resolved": "https://registry.npmjs.org/@aws-cdk/aws-cognito/-/aws-cognito-1.106.1.tgz",
      "integrity": "sha512-iya3Nwpw85/em/wilYlNa2R2E0QfNTeaAoVJ/LQdjPTk/baifnfuCd3yJRU/CuEU45sZ5sHmm0lB0a74w8hNbA==",
      "requires": {
        "@aws-cdk/aws-certificatemanager": "1.106.1",
        "@aws-cdk/aws-iam": "1.106.1",
        "@aws-cdk/aws-lambda": "1.106.1",
        "@aws-cdk/core": "1.106.1",
        "@aws-cdk/custom-resources": "1.106.1",
        "constructs": "^3.3.69",
        "punycode": "^2.1.1"
      },
      "dependencies": {
        "punycode": {
          "version": "2.1.1",
          "bundled": true
        }
      }
    },
    "@aws-cdk/aws-ec2": {
      "version": "1.106.1",
      "resolved": "https://registry.npmjs.org/@aws-cdk/aws-ec2/-/aws-ec2-1.106.1.tgz",
      "integrity": "sha512-OKtzinXD3UNrgCgmIsNiWy6soLLR7q9Ez3QoNKh+OSOiyRUcdyt8VsG0ucFoZnV63aCTcT1ooofmytKab7ArJQ==",
      "requires": {
        "@aws-cdk/aws-cloudwatch": "1.106.1",
        "@aws-cdk/aws-iam": "1.106.1",
        "@aws-cdk/aws-kms": "1.106.1",
        "@aws-cdk/aws-logs": "1.106.1",
        "@aws-cdk/aws-s3": "1.106.1",
        "@aws-cdk/aws-s3-assets": "1.106.1",
        "@aws-cdk/aws-ssm": "1.106.1",
        "@aws-cdk/cloud-assembly-schema": "1.106.1",
        "@aws-cdk/core": "1.106.1",
        "@aws-cdk/cx-api": "1.106.1",
        "@aws-cdk/region-info": "1.106.1",
        "constructs": "^3.3.69"
      }
    },
    "@aws-cdk/aws-ecr": {
      "version": "1.106.1",
      "resolved": "https://registry.npmjs.org/@aws-cdk/aws-ecr/-/aws-ecr-1.106.1.tgz",
      "integrity": "sha512-k1EHFdeli6JDyRbGOqRAU5kdjzgvGKrPEn2KTQir0KZnauQwQemIBvJEqpnJqMbuPaVWNOCH1yEV9r1Xa19o0g==",
      "requires": {
        "@aws-cdk/aws-events": "1.106.1",
        "@aws-cdk/aws-iam": "1.106.1",
        "@aws-cdk/core": "1.106.1",
        "constructs": "^3.3.69"
      }
    },
    "@aws-cdk/aws-ecr-assets": {
      "version": "1.106.1",
      "resolved": "https://registry.npmjs.org/@aws-cdk/aws-ecr-assets/-/aws-ecr-assets-1.106.1.tgz",
      "integrity": "sha512-y4rmybH+HkWkeaoIhGNRJ6ya+RObaQk3XjMmJMytYcZzaepobmpTVdTfYOog0+RB/ZgSPkjdwxbjYmVjRLWflw==",
      "requires": {
        "@aws-cdk/assets": "1.106.1",
        "@aws-cdk/aws-ecr": "1.106.1",
        "@aws-cdk/aws-iam": "1.106.1",
        "@aws-cdk/aws-s3": "1.106.1",
        "@aws-cdk/core": "1.106.1",
        "@aws-cdk/cx-api": "1.106.1",
        "constructs": "^3.3.69",
        "minimatch": "^3.0.4"
      },
      "dependencies": {
        "balanced-match": {
          "version": "1.0.2",
          "bundled": true
        },
        "brace-expansion": {
          "version": "1.1.11",
          "bundled": true,
          "requires": {
            "balanced-match": "^1.0.0",
            "concat-map": "0.0.1"
          }
        },
        "concat-map": {
          "version": "0.0.1",
          "bundled": true
        },
        "minimatch": {
          "version": "3.0.4",
          "bundled": true,
          "requires": {
            "brace-expansion": "^1.1.7"
          }
        }
      }
    },
    "@aws-cdk/aws-ecs": {
      "version": "1.106.1",
      "resolved": "https://registry.npmjs.org/@aws-cdk/aws-ecs/-/aws-ecs-1.106.1.tgz",
      "integrity": "sha512-c3MYT5mpJTkh4mPG26BDqfmY3EXWbv5lh20wQFCw015gSDbmullHhnWMsZvFUgzGBPLr2AhXv1+fXUjhEqKzrg==",
      "requires": {
        "@aws-cdk/aws-applicationautoscaling": "1.106.1",
        "@aws-cdk/aws-autoscaling": "1.106.1",
        "@aws-cdk/aws-autoscaling-hooktargets": "1.106.1",
        "@aws-cdk/aws-certificatemanager": "1.106.1",
        "@aws-cdk/aws-cloudwatch": "1.106.1",
        "@aws-cdk/aws-ec2": "1.106.1",
        "@aws-cdk/aws-ecr": "1.106.1",
        "@aws-cdk/aws-ecr-assets": "1.106.1",
        "@aws-cdk/aws-elasticloadbalancing": "1.106.1",
        "@aws-cdk/aws-elasticloadbalancingv2": "1.106.1",
        "@aws-cdk/aws-iam": "1.106.1",
        "@aws-cdk/aws-kms": "1.106.1",
        "@aws-cdk/aws-lambda": "1.106.1",
        "@aws-cdk/aws-logs": "1.106.1",
        "@aws-cdk/aws-route53": "1.106.1",
        "@aws-cdk/aws-route53-targets": "1.106.1",
        "@aws-cdk/aws-s3": "1.106.1",
        "@aws-cdk/aws-s3-assets": "1.106.1",
        "@aws-cdk/aws-secretsmanager": "1.106.1",
        "@aws-cdk/aws-servicediscovery": "1.106.1",
        "@aws-cdk/aws-sns": "1.106.1",
        "@aws-cdk/aws-sqs": "1.106.1",
        "@aws-cdk/aws-ssm": "1.106.1",
        "@aws-cdk/core": "1.106.1",
        "@aws-cdk/cx-api": "1.106.1",
        "constructs": "^3.3.69"
      }
    },
    "@aws-cdk/aws-efs": {
      "version": "1.106.1",
      "resolved": "https://registry.npmjs.org/@aws-cdk/aws-efs/-/aws-efs-1.106.1.tgz",
      "integrity": "sha512-oX24dww3hMkDDxbiNwmbIyHgRdgDII5WfuLUxTCyin4KlwvN/0+MkoyfrzNFmKOSS906vzAMHO17QCcv13W0Xw==",
      "requires": {
        "@aws-cdk/aws-ec2": "1.106.1",
        "@aws-cdk/aws-kms": "1.106.1",
        "@aws-cdk/cloud-assembly-schema": "1.106.1",
        "@aws-cdk/core": "1.106.1",
        "@aws-cdk/cx-api": "1.106.1",
        "constructs": "^3.3.69"
      }
    },
    "@aws-cdk/aws-elasticloadbalancing": {
      "version": "1.106.1",
      "resolved": "https://registry.npmjs.org/@aws-cdk/aws-elasticloadbalancing/-/aws-elasticloadbalancing-1.106.1.tgz",
      "integrity": "sha512-IvLdw9s7t3ivk4vIW3QdcNsiCw7NQTQv2+jTJjOXpDyLCbG37qh9gW15/sLDGNRkpXNZs7NuG0vXcbP8xU+eZg==",
      "requires": {
        "@aws-cdk/aws-ec2": "1.106.1",
        "@aws-cdk/core": "1.106.1",
        "constructs": "^3.3.69"
      }
    },
    "@aws-cdk/aws-elasticloadbalancingv2": {
      "version": "1.106.1",
      "resolved": "https://registry.npmjs.org/@aws-cdk/aws-elasticloadbalancingv2/-/aws-elasticloadbalancingv2-1.106.1.tgz",
      "integrity": "sha512-Ifkj8skrMf2LaazCxjM5lzLTYv7bDvJWFMma/uaNFYmu34S8DT423WLZnmJvuevOcpigyY0fE5YneXEXPayt3A==",
      "requires": {
        "@aws-cdk/aws-certificatemanager": "1.106.1",
        "@aws-cdk/aws-cloudwatch": "1.106.1",
        "@aws-cdk/aws-ec2": "1.106.1",
        "@aws-cdk/aws-iam": "1.106.1",
        "@aws-cdk/aws-lambda": "1.106.1",
        "@aws-cdk/aws-s3": "1.106.1",
        "@aws-cdk/cloud-assembly-schema": "1.106.1",
        "@aws-cdk/core": "1.106.1",
        "@aws-cdk/cx-api": "1.106.1",
        "@aws-cdk/region-info": "1.106.1",
        "constructs": "^3.3.69"
      }
    },
    "@aws-cdk/aws-events": {
      "version": "1.106.1",
      "resolved": "https://registry.npmjs.org/@aws-cdk/aws-events/-/aws-events-1.106.1.tgz",
      "integrity": "sha512-3tuETiN5VcQvP9eznP9Q+VbbZwf+8rcH04qxIDssT+JaHC9Q7/lkbEKso/ok4pWd9fZ0dTziUrH/FjSr6xVFww==",
      "requires": {
        "@aws-cdk/aws-iam": "1.106.1",
        "@aws-cdk/core": "1.106.1",
        "constructs": "^3.3.69"
      }
    },
    "@aws-cdk/aws-events-targets": {
      "version": "1.106.1",
      "resolved": "https://registry.npmjs.org/@aws-cdk/aws-events-targets/-/aws-events-targets-1.106.1.tgz",
      "integrity": "sha512-K3+m6Jg0KlgN6VkOEVEhZFP9TmQqIrY14auNTu0hiev57vNXHIDAyWdDq4Bg3bGYcStYyC/FWFsAyRHoTNRyOw==",
      "requires": {
        "@aws-cdk/aws-apigateway": "1.106.1",
        "@aws-cdk/aws-codebuild": "1.106.1",
        "@aws-cdk/aws-codepipeline": "1.106.1",
        "@aws-cdk/aws-ec2": "1.106.1",
        "@aws-cdk/aws-ecs": "1.106.1",
        "@aws-cdk/aws-events": "1.106.1",
        "@aws-cdk/aws-iam": "1.106.1",
        "@aws-cdk/aws-kinesis": "1.106.1",
        "@aws-cdk/aws-kinesisfirehose": "1.106.1",
        "@aws-cdk/aws-kms": "1.106.1",
        "@aws-cdk/aws-lambda": "1.106.1",
        "@aws-cdk/aws-logs": "1.106.1",
        "@aws-cdk/aws-sns": "1.106.1",
        "@aws-cdk/aws-sns-subscriptions": "1.106.1",
        "@aws-cdk/aws-sqs": "1.106.1",
        "@aws-cdk/aws-stepfunctions": "1.106.1",
        "@aws-cdk/core": "1.106.1",
        "@aws-cdk/custom-resources": "1.106.1",
        "constructs": "^3.3.69"
      }
    },
    "@aws-cdk/aws-globalaccelerator": {
      "version": "1.106.1",
      "resolved": "https://registry.npmjs.org/@aws-cdk/aws-globalaccelerator/-/aws-globalaccelerator-1.106.1.tgz",
      "integrity": "sha512-t7mjiBROdV/ROjoXKIX9oHvNnz7OvxLqK+7vgT0iDtl3QUotgc7Ok/mBUAL/d6CjKPD3kfdrBs1UxrqTH5N2hg==",
      "requires": {
        "@aws-cdk/aws-ec2": "1.106.1",
        "@aws-cdk/core": "1.106.1",
        "@aws-cdk/custom-resources": "1.106.1",
        "constructs": "^3.3.69"
      }
    },
    "@aws-cdk/aws-iam": {
      "version": "1.106.1",
      "resolved": "https://registry.npmjs.org/@aws-cdk/aws-iam/-/aws-iam-1.106.1.tgz",
      "integrity": "sha512-eM+XDBJeQe/Ve4l0qq7hde9B5jye6NEEQaQDeqfYusZmIg77j8Va2mYFcahJWJbnFtRjutVVvJyBtYLMyJRgEQ==",
      "requires": {
        "@aws-cdk/core": "1.106.1",
        "@aws-cdk/region-info": "1.106.1",
        "constructs": "^3.3.69"
      }
    },
    "@aws-cdk/aws-kinesis": {
      "version": "1.106.1",
      "resolved": "https://registry.npmjs.org/@aws-cdk/aws-kinesis/-/aws-kinesis-1.106.1.tgz",
      "integrity": "sha512-3I6LeI/lMYScW/NwzfctUJu7z6wlpdUHnxMc9OuMg7f7I7cscKkcCaOTmhkueTM1XvpAB1xjGvgzmw6uSCQGzQ==",
      "requires": {
        "@aws-cdk/aws-cloudwatch": "1.106.1",
        "@aws-cdk/aws-iam": "1.106.1",
        "@aws-cdk/aws-kms": "1.106.1",
        "@aws-cdk/aws-logs": "1.106.1",
        "@aws-cdk/core": "1.106.1",
        "constructs": "^3.3.69"
      }
    },
    "@aws-cdk/aws-kinesisfirehose": {
      "version": "1.106.1",
      "resolved": "https://registry.npmjs.org/@aws-cdk/aws-kinesisfirehose/-/aws-kinesisfirehose-1.106.1.tgz",
      "integrity": "sha512-T03QQMN9dBtiBI9PelxhzKllgMYwSvA+CuggqOIRpouRQ7LVlZlB5Zu4ekGaK1blslR8AQbnsRqiGHClo7CYaw==",
      "requires": {
        "@aws-cdk/core": "1.106.1",
        "constructs": "^3.3.69"
      }
    },
    "@aws-cdk/aws-kms": {
      "version": "1.106.1",
      "resolved": "https://registry.npmjs.org/@aws-cdk/aws-kms/-/aws-kms-1.106.1.tgz",
      "integrity": "sha512-qTN6ywmYAgT1k7GCnZUbpLyazSezqtPOdJM4wrJfUHlONZ/VlxVoLYghrdDWsPpChz0DNJNBHaiDDMzotzZaqA==",
      "requires": {
        "@aws-cdk/aws-iam": "1.106.1",
        "@aws-cdk/core": "1.106.1",
        "@aws-cdk/cx-api": "1.106.1",
        "constructs": "^3.3.69"
      }
    },
    "@aws-cdk/aws-lambda": {
      "version": "1.106.1",
      "resolved": "https://registry.npmjs.org/@aws-cdk/aws-lambda/-/aws-lambda-1.106.1.tgz",
      "integrity": "sha512-PcX9wilbFiTfpLEacrmOuhn2r0FizueOdhHoyuUSrVmsuJY8xwjHcG3ais2lOkWDWzsEjDtXGzOHJPbk6KmGRw==",
      "requires": {
        "@aws-cdk/aws-applicationautoscaling": "1.106.1",
        "@aws-cdk/aws-cloudwatch": "1.106.1",
        "@aws-cdk/aws-codeguruprofiler": "1.106.1",
        "@aws-cdk/aws-ec2": "1.106.1",
        "@aws-cdk/aws-ecr": "1.106.1",
        "@aws-cdk/aws-ecr-assets": "1.106.1",
        "@aws-cdk/aws-efs": "1.106.1",
        "@aws-cdk/aws-events": "1.106.1",
        "@aws-cdk/aws-iam": "1.106.1",
        "@aws-cdk/aws-kms": "1.106.1",
        "@aws-cdk/aws-logs": "1.106.1",
        "@aws-cdk/aws-s3": "1.106.1",
        "@aws-cdk/aws-s3-assets": "1.106.1",
        "@aws-cdk/aws-signer": "1.106.1",
        "@aws-cdk/aws-sqs": "1.106.1",
        "@aws-cdk/core": "1.106.1",
        "@aws-cdk/cx-api": "1.106.1",
        "constructs": "^3.3.69"
      }
    },
    "@aws-cdk/aws-logs": {
      "version": "1.106.1",
      "resolved": "https://registry.npmjs.org/@aws-cdk/aws-logs/-/aws-logs-1.106.1.tgz",
      "integrity": "sha512-/i2bg0Dx9T9nR52p6fmV+iJJY46Vb0hTwrQSwIY6Xav8+JAphuvsTz/9JVNj9zxVp0zjLgGetI11N6wux3aIrQ==",
      "requires": {
        "@aws-cdk/aws-cloudwatch": "1.106.1",
        "@aws-cdk/aws-iam": "1.106.1",
        "@aws-cdk/aws-kms": "1.106.1",
        "@aws-cdk/aws-s3-assets": "1.106.1",
        "@aws-cdk/core": "1.106.1",
        "constructs": "^3.3.69"
      }
    },
    "@aws-cdk/aws-route53": {
      "version": "1.106.1",
      "resolved": "https://registry.npmjs.org/@aws-cdk/aws-route53/-/aws-route53-1.106.1.tgz",
      "integrity": "sha512-hZTCblQqP3QM5HaVkTBZnw76Rsc7wJ2cjhr+PbNAVisLQerxJIsO9W5YXWTx72Lu+jQRUPDGAtqnVlWOIwRqXw==",
      "requires": {
        "@aws-cdk/aws-ec2": "1.106.1",
        "@aws-cdk/aws-iam": "1.106.1",
        "@aws-cdk/aws-logs": "1.106.1",
        "@aws-cdk/cloud-assembly-schema": "1.106.1",
        "@aws-cdk/core": "1.106.1",
        "@aws-cdk/custom-resources": "1.106.1",
        "constructs": "^3.3.69"
      }
    },
    "@aws-cdk/aws-route53-targets": {
      "version": "1.106.1",
      "resolved": "https://registry.npmjs.org/@aws-cdk/aws-route53-targets/-/aws-route53-targets-1.106.1.tgz",
      "integrity": "sha512-3qPXo7r+rp6YRZAG3beuWyaIkS5xHSUliSGrjOT5xw1oSixD6BmWtl34KEdI791q7CUqc4eXu71Sfez/KLXSsw==",
      "requires": {
        "@aws-cdk/aws-apigateway": "1.106.1",
        "@aws-cdk/aws-cloudfront": "1.106.1",
        "@aws-cdk/aws-cognito": "1.106.1",
        "@aws-cdk/aws-ec2": "1.106.1",
        "@aws-cdk/aws-elasticloadbalancing": "1.106.1",
        "@aws-cdk/aws-elasticloadbalancingv2": "1.106.1",
        "@aws-cdk/aws-globalaccelerator": "1.106.1",
        "@aws-cdk/aws-iam": "1.106.1",
        "@aws-cdk/aws-route53": "1.106.1",
        "@aws-cdk/aws-s3": "1.106.1",
        "@aws-cdk/core": "1.106.1",
        "@aws-cdk/region-info": "1.106.1",
        "constructs": "^3.3.69"
      }
    },
    "@aws-cdk/aws-s3": {
      "version": "1.106.1",
      "resolved": "https://registry.npmjs.org/@aws-cdk/aws-s3/-/aws-s3-1.106.1.tgz",
      "integrity": "sha512-q3n6/MZDQ0i+MT+8esgEHskGxAOQJ0ERGTyNb5zAmBosHw5HsvXIJ6PhilTovAVU8tFfdRDDnMfDLg281nn94g==",
      "requires": {
        "@aws-cdk/aws-events": "1.106.1",
        "@aws-cdk/aws-iam": "1.106.1",
        "@aws-cdk/aws-kms": "1.106.1",
        "@aws-cdk/core": "1.106.1",
        "@aws-cdk/cx-api": "1.106.1",
        "constructs": "^3.3.69"
      }
    },
    "@aws-cdk/aws-s3-assets": {
      "version": "1.106.1",
      "resolved": "https://registry.npmjs.org/@aws-cdk/aws-s3-assets/-/aws-s3-assets-1.106.1.tgz",
      "integrity": "sha512-zG3vuAi+t0ix4QwnPEdOdKx0AAPSnoU6iz1eay6clyzo2Gwj4k5FGC6vz9kQqOs23IhN6tmewkDQUuybWKeaaA==",
      "requires": {
        "@aws-cdk/assets": "1.106.1",
        "@aws-cdk/aws-iam": "1.106.1",
        "@aws-cdk/aws-kms": "1.106.1",
        "@aws-cdk/aws-s3": "1.106.1",
        "@aws-cdk/core": "1.106.1",
        "@aws-cdk/cx-api": "1.106.1",
        "constructs": "^3.3.69"
      }
    },
    "@aws-cdk/aws-sam": {
      "version": "1.106.1",
      "resolved": "https://registry.npmjs.org/@aws-cdk/aws-sam/-/aws-sam-1.106.1.tgz",
      "integrity": "sha512-hrcixzSxc3RUroGWXagXyWWwTkloGY/zCxdyZ/3MnYhrDDQFGQTDOU+w8633EjNCscVEVEeRBhsfvp2id5wSpA==",
      "requires": {
        "@aws-cdk/core": "1.106.1",
        "constructs": "^3.3.69"
      }
    },
    "@aws-cdk/aws-secretsmanager": {
      "version": "1.106.1",
      "resolved": "https://registry.npmjs.org/@aws-cdk/aws-secretsmanager/-/aws-secretsmanager-1.106.1.tgz",
      "integrity": "sha512-IpBqeb8fIuAVsbyRuGeAHRtyk4ud3hPjb3QHsfx5j7NT2HnDOaYCiOVkCinDCTJ+KQj1TOFa+n5IDvyJ+hT0jg==",
      "requires": {
        "@aws-cdk/aws-ec2": "1.106.1",
        "@aws-cdk/aws-iam": "1.106.1",
        "@aws-cdk/aws-kms": "1.106.1",
        "@aws-cdk/aws-lambda": "1.106.1",
        "@aws-cdk/aws-sam": "1.106.1",
        "@aws-cdk/core": "1.106.1",
        "@aws-cdk/cx-api": "1.106.1",
        "constructs": "^3.3.69"
      }
    },
    "@aws-cdk/aws-servicediscovery": {
      "version": "1.106.1",
      "resolved": "https://registry.npmjs.org/@aws-cdk/aws-servicediscovery/-/aws-servicediscovery-1.106.1.tgz",
      "integrity": "sha512-tZWygOWXbqfStCeeYfNC5Fz06LenVsRRNBP7orHhcEKL/b0/z7mYP4xtVWamuWzKBm5R+p9+mYEzIklN97D4OQ==",
      "requires": {
        "@aws-cdk/aws-ec2": "1.106.1",
        "@aws-cdk/aws-elasticloadbalancingv2": "1.106.1",
        "@aws-cdk/aws-route53": "1.106.1",
        "@aws-cdk/core": "1.106.1",
        "constructs": "^3.3.69"
      }
    },
    "@aws-cdk/aws-ses": {
      "version": "1.106.1",
      "resolved": "https://registry.npmjs.org/@aws-cdk/aws-ses/-/aws-ses-1.106.1.tgz",
      "integrity": "sha512-TrODo0mSr6cr0A4RG4H13vT7ND6aNNPCWND1fMUx0na4MsFJEONDBEYEJUZRFOZTGT8jl279Fht3l1HAej5cXw==",
      "requires": {
        "@aws-cdk/aws-iam": "1.106.1",
        "@aws-cdk/aws-lambda": "1.106.1",
        "@aws-cdk/core": "1.106.1",
        "constructs": "^3.3.69"
      }
    },
    "@aws-cdk/aws-signer": {
      "version": "1.106.1",
      "resolved": "https://registry.npmjs.org/@aws-cdk/aws-signer/-/aws-signer-1.106.1.tgz",
      "integrity": "sha512-B4IMODM+nhceFHn1qAtyfyUaR4xtNMZKBRNhWX2PcXUBAnmtSc1W048s8vWWBE7vQOrJzpytrnUIvo/cf7d1Lw==",
      "requires": {
        "@aws-cdk/core": "1.106.1",
        "constructs": "^3.3.69"
      }
    },
    "@aws-cdk/aws-sns": {
      "version": "1.106.1",
      "resolved": "https://registry.npmjs.org/@aws-cdk/aws-sns/-/aws-sns-1.106.1.tgz",
      "integrity": "sha512-JeGMSQHvcaMJyhIGQHlElTCUnrberDq41m5glAL6WeCINXgENrno8ibsoWrsyr/X3MNmJ7o1mDDabLMyahG5gg==",
      "requires": {
        "@aws-cdk/aws-cloudwatch": "1.106.1",
        "@aws-cdk/aws-events": "1.106.1",
        "@aws-cdk/aws-iam": "1.106.1",
        "@aws-cdk/aws-kms": "1.106.1",
        "@aws-cdk/aws-sqs": "1.106.1",
        "@aws-cdk/core": "1.106.1",
        "constructs": "^3.3.69"
      }
    },
    "@aws-cdk/aws-sns-subscriptions": {
      "version": "1.106.1",
      "resolved": "https://registry.npmjs.org/@aws-cdk/aws-sns-subscriptions/-/aws-sns-subscriptions-1.106.1.tgz",
      "integrity": "sha512-8+kwkgdXbKnsjOl2WoSeOS9oH7nPcTYSLl0V5vGD97DP0J7D6Y3Y/o0iW0vWQQI7q22XvX6G8Ep6FtAxnOHbIg==",
      "requires": {
        "@aws-cdk/aws-iam": "1.106.1",
        "@aws-cdk/aws-lambda": "1.106.1",
        "@aws-cdk/aws-sns": "1.106.1",
        "@aws-cdk/aws-sqs": "1.106.1",
        "@aws-cdk/core": "1.106.1",
        "constructs": "^3.3.69"
      }
    },
    "@aws-cdk/aws-sqs": {
      "version": "1.106.1",
      "resolved": "https://registry.npmjs.org/@aws-cdk/aws-sqs/-/aws-sqs-1.106.1.tgz",
      "integrity": "sha512-g0zSF+8OF1tiTpjBupbS6FvRV/X+jzGnFG9X7Pb/e9VV2fQqRELW/HM/4nwsEKW6oLvw86U2VQNO+xVTiiiVgA==",
      "requires": {
        "@aws-cdk/aws-cloudwatch": "1.106.1",
        "@aws-cdk/aws-iam": "1.106.1",
        "@aws-cdk/aws-kms": "1.106.1",
        "@aws-cdk/core": "1.106.1",
        "constructs": "^3.3.69"
      }
    },
    "@aws-cdk/aws-ssm": {
      "version": "1.106.1",
      "resolved": "https://registry.npmjs.org/@aws-cdk/aws-ssm/-/aws-ssm-1.106.1.tgz",
      "integrity": "sha512-THoILSxTpqx0vrrf/+rxtD4s4ijUAfhG1h/IbLG/dSPW3VSrJzo39YfAs6ynCjPJIp0YZHBrnTAtGstv37lCKg==",
      "requires": {
        "@aws-cdk/aws-iam": "1.106.1",
        "@aws-cdk/aws-kms": "1.106.1",
        "@aws-cdk/cloud-assembly-schema": "1.106.1",
        "@aws-cdk/core": "1.106.1",
        "constructs": "^3.3.69"
      }
    },
    "@aws-cdk/aws-stepfunctions": {
      "version": "1.106.1",
      "resolved": "https://registry.npmjs.org/@aws-cdk/aws-stepfunctions/-/aws-stepfunctions-1.106.1.tgz",
      "integrity": "sha512-HdPkSvpHM77PfMqpaxWbkBrWyTiP3NaIYTPfU+ht6lNXUOg5nBUdDtDYaiSbgcbmlY/6NXylmz/eCY7wtcYMQQ==",
      "requires": {
        "@aws-cdk/aws-cloudwatch": "1.106.1",
        "@aws-cdk/aws-events": "1.106.1",
        "@aws-cdk/aws-iam": "1.106.1",
        "@aws-cdk/aws-logs": "1.106.1",
        "@aws-cdk/aws-s3": "1.106.1",
        "@aws-cdk/core": "1.106.1",
        "constructs": "^3.3.69"
      }
    },
    "@aws-cdk/cloud-assembly-schema": {
      "version": "1.106.1",
      "resolved": "https://registry.npmjs.org/@aws-cdk/cloud-assembly-schema/-/cloud-assembly-schema-1.106.1.tgz",
      "integrity": "sha512-/pSZyQWVNlP/hWQ8HlEo07mUUPT2VrjhHFjHMgzJ7VORJ/bMDVjCjCKJQHRLlZmo9Ys43CrqeyeNNnlK2kqj4A==",
      "requires": {
        "jsonschema": "^1.4.0",
        "semver": "^7.3.5"
      },
      "dependencies": {
        "jsonschema": {
          "version": "1.4.0",
          "bundled": true
        },
        "lru-cache": {
          "version": "6.0.0",
          "bundled": true,
          "requires": {
            "yallist": "^4.0.0"
          }
        },
        "semver": {
          "version": "7.3.5",
          "bundled": true,
          "requires": {
            "lru-cache": "^6.0.0"
          }
        },
        "yallist": {
          "version": "4.0.0",
          "bundled": true
        }
      }
    },
    "@aws-cdk/core": {
      "version": "1.106.1",
      "resolved": "https://registry.npmjs.org/@aws-cdk/core/-/core-1.106.1.tgz",
      "integrity": "sha512-DX7dwe3GCFWpvQRqt0JQK93+XkQSrwWHs+5u416aQCWyADeLONhLBNO6DRdZeevzcKD4TUeHr/7rCxfUHTu85A==",
      "requires": {
        "@aws-cdk/cloud-assembly-schema": "1.106.1",
        "@aws-cdk/cx-api": "1.106.1",
        "@aws-cdk/region-info": "1.106.1",
        "@balena/dockerignore": "^1.0.2",
        "constructs": "^3.3.69",
        "fs-extra": "^9.1.0",
        "ignore": "^5.1.8",
        "minimatch": "^3.0.4"
      },
      "dependencies": {
        "@balena/dockerignore": {
          "version": "1.0.2",
          "bundled": true
        },
        "at-least-node": {
          "version": "1.0.0",
          "bundled": true
        },
        "balanced-match": {
          "version": "1.0.2",
          "bundled": true
        },
        "brace-expansion": {
          "version": "1.1.11",
          "bundled": true,
          "requires": {
            "balanced-match": "^1.0.0",
            "concat-map": "0.0.1"
          }
        },
        "concat-map": {
          "version": "0.0.1",
          "bundled": true
        },
        "fs-extra": {
          "version": "9.1.0",
          "bundled": true,
          "requires": {
            "at-least-node": "^1.0.0",
            "graceful-fs": "^4.2.0",
            "jsonfile": "^6.0.1",
            "universalify": "^2.0.0"
          }
        },
        "graceful-fs": {
          "version": "4.2.6",
          "bundled": true
        },
        "ignore": {
          "version": "5.1.8",
          "bundled": true
        },
        "jsonfile": {
          "version": "6.1.0",
          "bundled": true,
          "requires": {
            "graceful-fs": "^4.1.6",
            "universalify": "^2.0.0"
          }
        },
        "minimatch": {
          "version": "3.0.4",
          "bundled": true,
          "requires": {
            "brace-expansion": "^1.1.7"
          }
        },
        "universalify": {
          "version": "2.0.0",
          "bundled": true
        }
      }
    },
    "@aws-cdk/custom-resources": {
      "version": "1.106.1",
      "resolved": "https://registry.npmjs.org/@aws-cdk/custom-resources/-/custom-resources-1.106.1.tgz",
      "integrity": "sha512-i1nkfHGyxxcGhEi/aH1iZReaIX5WBpAhPkf1ZC7NAn0mQ3hG34UygxSi/1vc8p93U3BQgbnXq5C3q1k2WpyWkw==",
      "requires": {
        "@aws-cdk/aws-cloudformation": "1.106.1",
        "@aws-cdk/aws-ec2": "1.106.1",
        "@aws-cdk/aws-iam": "1.106.1",
        "@aws-cdk/aws-lambda": "1.106.1",
        "@aws-cdk/aws-logs": "1.106.1",
        "@aws-cdk/aws-sns": "1.106.1",
        "@aws-cdk/core": "1.106.1",
        "constructs": "^3.3.69"
      }
    },
    "@aws-cdk/cx-api": {
      "version": "1.106.1",
      "resolved": "https://registry.npmjs.org/@aws-cdk/cx-api/-/cx-api-1.106.1.tgz",
      "integrity": "sha512-OFT1kHLatBfVObgZVuCj1U6OjEUyddpFhRX+Uw7mG2eDozp+YvRJUO9zNhoLaMcJLFHaP9yVgRioT5cV9R1KZQ==",
      "requires": {
        "@aws-cdk/cloud-assembly-schema": "1.106.1",
        "semver": "^7.3.5"
      },
      "dependencies": {
        "lru-cache": {
          "version": "6.0.0",
          "bundled": true,
          "requires": {
            "yallist": "^4.0.0"
          }
        },
        "semver": {
          "version": "7.3.5",
          "bundled": true,
          "requires": {
            "lru-cache": "^6.0.0"
          }
        },
        "yallist": {
          "version": "4.0.0",
          "bundled": true
        }
      }
    },
    "@aws-cdk/region-info": {
      "version": "1.106.1",
      "resolved": "https://registry.npmjs.org/@aws-cdk/region-info/-/region-info-1.106.1.tgz",
      "integrity": "sha512-9mnVSqYPnqf2wBQx3nZaBh1pnK29khFi87pNjQFkN7LmK/O9rVlx4syulknBtxLJusB0TDuvY3r5PUuUJ6kFjw=="
    },
    "@types/node": {
      "version": "10.17.60",
      "resolved": "https://registry.npmjs.org/@types/node/-/node-10.17.60.tgz",
      "integrity": "sha512-F0KIgDJfy2nA3zMLmWGKxcH2ZVEtCZXHHdOQs2gSaQ27+lNeEfGxzkIw90aXswATX7AZ33tahPbzy6KAfUreVw==",
      "dev": true
    },
    "constructs": {
      "version": "3.3.75",
      "resolved": "https://registry.npmjs.org/constructs/-/constructs-3.3.75.tgz",
      "integrity": "sha512-q10foASSSfDWmS99OQLfnWDXCzqLvoORISAVWPFg0AmIGlBv2ZdDOtXxLqrJARPxVlOldmW2JzWzdRI+4+0/ZA=="
    },
    "typescript": {
      "version": "3.7.7",
      "resolved": "https://registry.npmjs.org/typescript/-/typescript-3.7.7.tgz",
      "integrity": "sha512-MmQdgo/XenfZPvVLtKZOq9jQQvzaUAUpcKW8Z43x9B2fOm4S5g//tPtMweZUIP+SoBqrVPEIm+dJeQ9dfO0QdA==",
      "dev": true
    }
  }
}
